// !$*UTF8*$!
{
	archiveVersion = 1;
	classes = {
	};
	objectVersion = 51;
	objects = {

/* Begin PBXBuildFile section */
		5DE6522BEFE32933ADAC3F86 /* Pods_Instagram.framework in Frameworks */ = {isa = PBXBuildFile; fileRef = 5505AD09BC527881EB726714 /* Pods_Instagram.framework */; };
		FE67DF6826E613C800BE73D6 /* AppDelegate.swift in Sources */ = {isa = PBXBuildFile; fileRef = FE67DF6726E613C800BE73D6 /* AppDelegate.swift */; };
		FE67DF6A26E613C800BE73D6 /* SceneDelegate.swift in Sources */ = {isa = PBXBuildFile; fileRef = FE67DF6926E613C800BE73D6 /* SceneDelegate.swift */; };
		FE67DF6F26E613C800BE73D6 /* Main.storyboard in Resources */ = {isa = PBXBuildFile; fileRef = FE67DF6D26E613C800BE73D6 /* Main.storyboard */; };
		FE67DF7126E613CB00BE73D6 /* Assets.xcassets in Resources */ = {isa = PBXBuildFile; fileRef = FE67DF7026E613CB00BE73D6 /* Assets.xcassets */; };
		FE67DF7426E613CB00BE73D6 /* LaunchScreen.storyboard in Resources */ = {isa = PBXBuildFile; fileRef = FE67DF7226E613CB00BE73D6 /* LaunchScreen.storyboard */; };
		FE67DF7E26E615D300BE73D6 /* LoginViewController.swift in Sources */ = {isa = PBXBuildFile; fileRef = FE67DF7D26E615D300BE73D6 /* LoginViewController.swift */; };
		FE67DF8226E6170300BE73D6 /* HomeViewController.swift in Sources */ = {isa = PBXBuildFile; fileRef = FE67DF8126E6170300BE73D6 /* HomeViewController.swift */; };
		FE67DF8526E6177600BE73D6 /* ImageSelectViewController.swift in Sources */ = {isa = PBXBuildFile; fileRef = FE67DF8426E6177600BE73D6 /* ImageSelectViewController.swift */; };
		FE67DF8826E617DD00BE73D6 /* PostViewController.swift in Sources */ = {isa = PBXBuildFile; fileRef = FE67DF8726E617DD00BE73D6 /* PostViewController.swift */; };
		FE67DF8B26E6182600BE73D6 /* SettingViewController.swift in Sources */ = {isa = PBXBuildFile; fileRef = FE67DF8A26E6182600BE73D6 /* SettingViewController.swift */; };
		FE67DF9326E6247500BE73D6 /* TabBarController.swift in Sources */ = {isa = PBXBuildFile; fileRef = FE67DF9226E6247500BE73D6 /* TabBarController.swift */; };
		FE67DF9626EF437300BE73D6 /* GoogleService-Info.plist in Resources */ = {isa = PBXBuildFile; fileRef = FE67DF9526EF437300BE73D6 /* GoogleService-Info.plist */; };
		FEDA3FAE26F5BCB00051CBAB /* Const.swift in Sources */ = {isa = PBXBuildFile; fileRef = FEDA3FAD26F5BCB00051CBAB /* Const.swift */; };
		FEDA3FB126F5C7040051CBAB /* PostData.swift in Sources */ = {isa = PBXBuildFile; fileRef = FEDA3FB026F5C7040051CBAB /* PostData.swift */; };
		FEDA3FB526F5C7960051CBAB /* PostTableViewCell.swift in Sources */ = {isa = PBXBuildFile; fileRef = FEDA3FB326F5C7960051CBAB /* PostTableViewCell.swift */; };
		FEDA3FB626F5C7960051CBAB /* PostTableViewCell.xib in Resources */ = {isa = PBXBuildFile; fileRef = FEDA3FB426F5C7960051CBAB /* PostTableViewCell.xib */; };
/* End PBXBuildFile section */

/* Begin PBXFileReference section */
		10A241A5B1E562828FD86CB2 /* Pods-Instagram.release.xcconfig */ = {isa = PBXFileReference; includeInIndex = 1; lastKnownFileType = text.xcconfig; name = "Pods-Instagram.release.xcconfig"; path = "Target Support Files/Pods-Instagram/Pods-Instagram.release.xcconfig"; sourceTree = "<group>"; };
		45C6A55D87DF98E92165D14D /* Pods-Instagram.debug.xcconfig */ = {isa = PBXFileReference; includeInIndex = 1; lastKnownFileType = text.xcconfig; name = "Pods-Instagram.debug.xcconfig"; path = "Target Support Files/Pods-Instagram/Pods-Instagram.debug.xcconfig"; sourceTree = "<group>"; };
		5505AD09BC527881EB726714 /* Pods_Instagram.framework */ = {isa = PBXFileReference; explicitFileType = wrapper.framework; includeInIndex = 0; path = Pods_Instagram.framework; sourceTree = BUILT_PRODUCTS_DIR; };
		FE67DF6426E613C800BE73D6 /* Instagram.app */ = {isa = PBXFileReference; explicitFileType = wrapper.application; includeInIndex = 0; path = Instagram.app; sourceTree = BUILT_PRODUCTS_DIR; };
		FE67DF6726E613C800BE73D6 /* AppDelegate.swift */ = {isa = PBXFileReference; lastKnownFileType = sourcecode.swift; path = AppDelegate.swift; sourceTree = "<group>"; };
		FE67DF6926E613C800BE73D6 /* SceneDelegate.swift */ = {isa = PBXFileReference; lastKnownFileType = sourcecode.swift; path = SceneDelegate.swift; sourceTree = "<group>"; };
		FE67DF6E26E613C800BE73D6 /* Base */ = {isa = PBXFileReference; lastKnownFileType = file.storyboard; name = Base; path = Base.lproj/Main.storyboard; sourceTree = "<group>"; };
		FE67DF7026E613CB00BE73D6 /* Assets.xcassets */ = {isa = PBXFileReference; lastKnownFileType = folder.assetcatalog; path = Assets.xcassets; sourceTree = "<group>"; };
		FE67DF7326E613CB00BE73D6 /* Base */ = {isa = PBXFileReference; lastKnownFileType = file.storyboard; name = Base; path = Base.lproj/LaunchScreen.storyboard; sourceTree = "<group>"; };
		FE67DF7526E613CB00BE73D6 /* Info.plist */ = {isa = PBXFileReference; lastKnownFileType = text.plist.xml; path = Info.plist; sourceTree = "<group>"; };
		FE67DF7D26E615D300BE73D6 /* LoginViewController.swift */ = {isa = PBXFileReference; lastKnownFileType = sourcecode.swift; path = LoginViewController.swift; sourceTree = "<group>"; };
		FE67DF8126E6170300BE73D6 /* HomeViewController.swift */ = {isa = PBXFileReference; lastKnownFileType = sourcecode.swift; path = HomeViewController.swift; sourceTree = "<group>"; };
		FE67DF8426E6177600BE73D6 /* ImageSelectViewController.swift */ = {isa = PBXFileReference; lastKnownFileType = sourcecode.swift; path = ImageSelectViewController.swift; sourceTree = "<group>"; };
		FE67DF8726E617DD00BE73D6 /* PostViewController.swift */ = {isa = PBXFileReference; lastKnownFileType = sourcecode.swift; path = PostViewController.swift; sourceTree = "<group>"; };
		FE67DF8A26E6182600BE73D6 /* SettingViewController.swift */ = {isa = PBXFileReference; lastKnownFileType = sourcecode.swift; path = SettingViewController.swift; sourceTree = "<group>"; };
		FE67DF9226E6247500BE73D6 /* TabBarController.swift */ = {isa = PBXFileReference; lastKnownFileType = sourcecode.swift; path = TabBarController.swift; sourceTree = "<group>"; };
		FE67DF9526EF437300BE73D6 /* GoogleService-Info.plist */ = {isa = PBXFileReference; fileEncoding = 4; lastKnownFileType = text.plist.xml; path = "GoogleService-Info.plist"; sourceTree = "<group>"; };
		FEDA3FAD26F5BCB00051CBAB /* Const.swift */ = {isa = PBXFileReference; lastKnownFileType = sourcecode.swift; path = Const.swift; sourceTree = "<group>"; };
		FEDA3FB026F5C7040051CBAB /* PostData.swift */ = {isa = PBXFileReference; lastKnownFileType = sourcecode.swift; path = PostData.swift; sourceTree = "<group>"; };
		FEDA3FB326F5C7960051CBAB /* PostTableViewCell.swift */ = {isa = PBXFileReference; lastKnownFileType = sourcecode.swift; path = PostTableViewCell.swift; sourceTree = "<group>"; };
		FEDA3FB426F5C7960051CBAB /* PostTableViewCell.xib */ = {isa = PBXFileReference; lastKnownFileType = file.xib; path = PostTableViewCell.xib; sourceTree = "<group>"; };
/* End PBXFileReference section */

/* Begin PBXFrameworksBuildPhase section */
		FE67DF6126E613C800BE73D6 /* Frameworks */ = {
			isa = PBXFrameworksBuildPhase;
			buildActionMask = 2147483647;
			files = (
				5DE6522BEFE32933ADAC3F86 /* Pods_Instagram.framework in Frameworks */,
			);
			runOnlyForDeploymentPostprocessing = 0;
		};
/* End PBXFrameworksBuildPhase section */

/* Begin PBXGroup section */
		285C00C31CB371F6FD46E457 /* Frameworks */ = {
			isa = PBXGroup;
			children = (
				5505AD09BC527881EB726714 /* Pods_Instagram.framework */,
			);
			name = Frameworks;
			sourceTree = "<group>";
		};
		8C20F1FEF83180F1D7F33A3C /* Pods */ = {
			isa = PBXGroup;
			children = (
				45C6A55D87DF98E92165D14D /* Pods-Instagram.debug.xcconfig */,
				10A241A5B1E562828FD86CB2 /* Pods-Instagram.release.xcconfig */,
			);
			path = Pods;
			sourceTree = "<group>";
		};
		FE67DF5B26E613C800BE73D6 = {
			isa = PBXGroup;
			children = (
				FE67DF6626E613C800BE73D6 /* Instagram */,
				FE67DF6526E613C800BE73D6 /* Products */,
				8C20F1FEF83180F1D7F33A3C /* Pods */,
				285C00C31CB371F6FD46E457 /* Frameworks */,
			);
			sourceTree = "<group>";
		};
		FE67DF6526E613C800BE73D6 /* Products */ = {
			isa = PBXGroup;
			children = (
				FE67DF6426E613C800BE73D6 /* Instagram.app */,
			);
			name = Products;
			sourceTree = "<group>";
		};
		FE67DF6626E613C800BE73D6 /* Instagram */ = {
			isa = PBXGroup;
			children = (
				FE67DF9526EF437300BE73D6 /* GoogleService-Info.plist */,
				FE67DF6726E613C800BE73D6 /* AppDelegate.swift */,
				FE67DF6926E613C800BE73D6 /* SceneDelegate.swift */,
				FE67DF8A26E6182600BE73D6 /* SettingViewController.swift */,
				FE67DF9226E6247500BE73D6 /* TabBarController.swift */,
				FE67DF8726E617DD00BE73D6 /* PostViewController.swift */,
				FEDA3FB026F5C7040051CBAB /* PostData.swift */,
				FEDA3FB326F5C7960051CBAB /* PostTableViewCell.swift */,
				FEDA3FB426F5C7960051CBAB /* PostTableViewCell.xib */,
				FE67DF8426E6177600BE73D6 /* ImageSelectViewController.swift */,
				FE67DF8126E6170300BE73D6 /* HomeViewController.swift */,
				FE67DF7D26E615D300BE73D6 /* LoginViewController.swift */,
				FEDA3FAD26F5BCB00051CBAB /* Const.swift */,
				FE67DF6D26E613C800BE73D6 /* Main.storyboard */,
				FE67DF7026E613CB00BE73D6 /* Assets.xcassets */,
				FE67DF7226E613CB00BE73D6 /* LaunchScreen.storyboard */,
				FE67DF7526E613CB00BE73D6 /* Info.plist */,
			);
			path = Instagram;
			sourceTree = "<group>";
		};
/* End PBXGroup section */

/* Begin PBXNativeTarget section */
		FE67DF6326E613C800BE73D6 /* Instagram */ = {
			isa = PBXNativeTarget;
			buildConfigurationList = FE67DF7826E613CB00BE73D6 /* Build configuration list for PBXNativeTarget "Instagram" */;
			buildPhases = (
				41667393DC090B7813EC6E69 /* [CP] Check Pods Manifest.lock */,
				FE67DF6026E613C800BE73D6 /* Sources */,
				FE67DF6126E613C800BE73D6 /* Frameworks */,
				FE67DF6226E613C800BE73D6 /* Resources */,
				BA1453D300FA12143BA80CE7 /* [CP] Embed Pods Frameworks */,
			);
			buildRules = (
			);
			dependencies = (
			);
			name = Instagram;
			productName = Instagram;
			productReference = FE67DF6426E613C800BE73D6 /* Instagram.app */;
			productType = "com.apple.product-type.application";
		};
/* End PBXNativeTarget section */

/* Begin PBXProject section */
		FE67DF5C26E613C800BE73D6 /* Project object */ = {
			isa = PBXProject;
			attributes = {
				LastSwiftUpdateCheck = 1220;
				LastUpgradeCheck = 1220;
				TargetAttributes = {
					FE67DF6326E613C800BE73D6 = {
						CreatedOnToolsVersion = 12.2;
					};
				};
			};
			buildConfigurationList = FE67DF5F26E613C800BE73D6 /* Build configuration list for PBXProject "Instagram" */;
			compatibilityVersion = "Xcode 9.3";
			developmentRegion = en;
			hasScannedForEncodings = 0;
			knownRegions = (
				en,
				Base,
			);
			mainGroup = FE67DF5B26E613C800BE73D6;
			productRefGroup = FE67DF6526E613C800BE73D6 /* Products */;
			projectDirPath = "";
			projectRoot = "";
			targets = (
				FE67DF6326E613C800BE73D6 /* Instagram */,
			);
		};
/* End PBXProject section */

/* Begin PBXResourcesBuildPhase section */
		FE67DF6226E613C800BE73D6 /* Resources */ = {
			isa = PBXResourcesBuildPhase;
			buildActionMask = 2147483647;
			files = (
				FE67DF7426E613CB00BE73D6 /* LaunchScreen.storyboard in Resources */,
				FEDA3FB626F5C7960051CBAB /* PostTableViewCell.xib in Resources */,
				FE67DF9626EF437300BE73D6 /* GoogleService-Info.plist in Resources */,
				FE67DF7126E613CB00BE73D6 /* Assets.xcassets in Resources */,
				FE67DF6F26E613C800BE73D6 /* Main.storyboard in Resources */,
			);
			runOnlyForDeploymentPostprocessing = 0;
		};
/* End PBXResourcesBuildPhase section */

/* Begin PBXShellScriptBuildPhase section */
		41667393DC090B7813EC6E69 /* [CP] Check Pods Manifest.lock */ = {
			isa = PBXShellScriptBuildPhase;
			buildActionMask = 2147483647;
			files = (
			);
			inputFileListPaths = (
			);
			inputPaths = (
				"${PODS_PODFILE_DIR_PATH}/Podfile.lock",
				"${PODS_ROOT}/Manifest.lock",
			);
			name = "[CP] Check Pods Manifest.lock";
			outputFileListPaths = (
			);
			outputPaths = (
				"$(DERIVED_FILE_DIR)/Pods-Instagram-checkManifestLockResult.txt",
			);
			runOnlyForDeploymentPostprocessing = 0;
			shellPath = /bin/sh;
			shellScript = "diff \"${PODS_PODFILE_DIR_PATH}/Podfile.lock\" \"${PODS_ROOT}/Manifest.lock\" > /dev/null\nif [ $? != 0 ] ; then\n    # print error to STDERR\n    echo \"error: The sandbox is not in sync with the Podfile.lock. Run 'pod install' or update your CocoaPods installation.\" >&2\n    exit 1\nfi\n# This output is used by Xcode 'outputs' to avoid re-running this script phase.\necho \"SUCCESS\" > \"${SCRIPT_OUTPUT_FILE_0}\"\n";
			showEnvVarsInLog = 0;
		};
		BA1453D300FA12143BA80CE7 /* [CP] Embed Pods Frameworks */ = {
			isa = PBXShellScriptBuildPhase;
			buildActionMask = 2147483647;
			files = (
			);
			inputFileListPaths = (
				"${PODS_ROOT}/Target Support Files/Pods-Instagram/Pods-Instagram-frameworks-${CONFIGURATION}-input-files.xcfilelist",
			);
			name = "[CP] Embed Pods Frameworks";
			outputFileListPaths = (
				"${PODS_ROOT}/Target Support Files/Pods-Instagram/Pods-Instagram-frameworks-${CONFIGURATION}-output-files.xcfilelist",
			);
			runOnlyForDeploymentPostprocessing = 0;
			shellPath = /bin/sh;
			shellScript = "\"${PODS_ROOT}/Target Support Files/Pods-Instagram/Pods-Instagram-frameworks.sh\"\n";
			showEnvVarsInLog = 0;
		};
/* End PBXShellScriptBuildPhase section */

/* Begin PBXSourcesBuildPhase section */
		FE67DF6026E613C800BE73D6 /* Sources */ = {
			isa = PBXSourcesBuildPhase;
			buildActionMask = 2147483647;
			files = (
				FEDA3FB526F5C7960051CBAB /* PostTableViewCell.swift in Sources */,
				FE67DF8526E6177600BE73D6 /* ImageSelectViewController.swift in Sources */,
				FE67DF9326E6247500BE73D6 /* TabBarController.swift in Sources */,
				FE67DF8226E6170300BE73D6 /* HomeViewController.swift in Sources */,
				FE67DF8826E617DD00BE73D6 /* PostViewController.swift in Sources */,
				FE67DF8B26E6182600BE73D6 /* SettingViewController.swift in Sources */,
				FEDA3FB126F5C7040051CBAB /* PostData.swift in Sources */,
				FE67DF7E26E615D300BE73D6 /* LoginViewController.swift in Sources */,
				FE67DF6826E613C800BE73D6 /* AppDelegate.swift in Sources */,
				FE67DF6A26E613C800BE73D6 /* SceneDelegate.swift in Sources */,
				FEDA3FAE26F5BCB00051CBAB /* Const.swift in Sources */,
			);
			runOnlyForDeploymentPostprocessing = 0;
		};
/* End PBXSourcesBuildPhase section */

/* Begin PBXVariantGroup section */
		FE67DF6D26E613C800BE73D6 /* Main.storyboard */ = {
			isa = PBXVariantGroup;
			children = (
				FE67DF6E26E613C800BE73D6 /* Base */,
			);
			name = Main.storyboard;
			sourceTree = "<group>";
		};
		FE67DF7226E613CB00BE73D6 /* LaunchScreen.storyboard */ = {
			isa = PBXVariantGroup;
			children = (
				FE67DF7326E613CB00BE73D6 /* Base */,
			);
			name = LaunchScreen.storyboard;
			sourceTree = "<group>";
		};
/* End PBXVariantGroup section */

/* Begin XCBuildConfiguration section */
		FE67DF7626E613CB00BE73D6 /* Debug */ = {
			isa = XCBuildConfiguration;
			buildSettings = {
				ALWAYS_SEARCH_USER_PATHS = NO;
				CLANG_ANALYZER_NONNULL = YES;
				CLANG_ANALYZER_NUMBER_OBJECT_CONVERSION = YES_AGGRESSIVE;
				CLANG_CXX_LANGUAGE_STANDARD = "gnu++14";
				CLANG_CXX_LIBRARY = "libc++";
				CLANG_ENABLE_MODULES = YES;
				CLANG_ENABLE_OBJC_ARC = YES;
				CLANG_ENABLE_OBJC_WEAK = YES;
				CLANG_WARN_BLOCK_CAPTURE_AUTORELEASING = YES;
				CLANG_WARN_BOOL_CONVERSION = YES;
				CLANG_WARN_COMMA = YES;
				CLANG_WARN_CONSTANT_CONVERSION = YES;
				CLANG_WARN_DEPRECATED_OBJC_IMPLEMENTATIONS = YES;
				CLANG_WARN_DIRECT_OBJC_ISA_USAGE = YES_ERROR;
				CLANG_WARN_DOCUMENTATION_COMMENTS = YES;
				CLANG_WARN_EMPTY_BODY = YES;
				CLANG_WARN_ENUM_CONVERSION = YES;
				CLANG_WARN_INFINITE_RECURSION = YES;
				CLANG_WARN_INT_CONVERSION = YES;
				CLANG_WARN_NON_LITERAL_NULL_CONVERSION = YES;
				CLANG_WARN_OBJC_IMPLICIT_RETAIN_SELF = YES;
				CLANG_WARN_OBJC_LITERAL_CONVERSION = YES;
				CLANG_WARN_OBJC_ROOT_CLASS = YES_ERROR;
				CLANG_WARN_QUOTED_INCLUDE_IN_FRAMEWORK_HEADER = YES;
				CLANG_WARN_RANGE_LOOP_ANALYSIS = YES;
				CLANG_WARN_STRICT_PROTOTYPES = YES;
				CLANG_WARN_SUSPICIOUS_MOVE = YES;
				CLANG_WARN_UNGUARDED_AVAILABILITY = YES_AGGRESSIVE;
				CLANG_WARN_UNREACHABLE_CODE = YES;
				CLANG_WARN__DUPLICATE_METHOD_MATCH = YES;
				COPY_PHASE_STRIP = NO;
				DEBUG_INFORMATION_FORMAT = dwarf;
				ENABLE_STRICT_OBJC_MSGSEND = YES;
				ENABLE_TESTABILITY = YES;
				GCC_C_LANGUAGE_STANDARD = gnu11;
				GCC_DYNAMIC_NO_PIC = NO;
				GCC_NO_COMMON_BLOCKS = YES;
				GCC_OPTIMIZATION_LEVEL = 0;
				GCC_PREPROCESSOR_DEFINITIONS = (
					"DEBUG=1",
					"$(inherited)",
				);
				GCC_WARN_64_TO_32_BIT_CONVERSION = YES;
				GCC_WARN_ABOUT_RETURN_TYPE = YES_ERROR;
				GCC_WARN_UNDECLARED_SELECTOR = YES;
				GCC_WARN_UNINITIALIZED_AUTOS = YES_AGGRESSIVE;
				GCC_WARN_UNUSED_FUNCTION = YES;
				GCC_WARN_UNUSED_VARIABLE = YES;
				IPHONEOS_DEPLOYMENT_TARGET = 14.2;
				MTL_ENABLE_DEBUG_INFO = INCLUDE_SOURCE;
				MTL_FAST_MATH = YES;
				ONLY_ACTIVE_ARCH = YES;
				SDKROOT = iphoneos;
				SWIFT_ACTIVE_COMPILATION_CONDITIONS = DEBUG;
				SWIFT_OPTIMIZATION_LEVEL = "-Onone";
			};
			name = Debug;
		};
		FE67DF7726E613CB00BE73D6 /* Release */ = {
			isa = XCBuildConfiguration;
			buildSettings = {
				ALWAYS_SEARCH_USER_PATHS = NO;
				CLANG_ANALYZER_NONNULL = YES;
				CLANG_ANALYZER_NUMBER_OBJECT_CONVERSION = YES_AGGRESSIVE;
				CLANG_CXX_LANGUAGE_STANDARD = "gnu++14";
				CLANG_CXX_LIBRARY = "libc++";
				CLANG_ENABLE_MODULES = YES;
				CLANG_ENABLE_OBJC_ARC = YES;
				CLANG_ENABLE_OBJC_WEAK = YES;
				CLANG_WARN_BLOCK_CAPTURE_AUTORELEASING = YES;
				CLANG_WARN_BOOL_CONVERSION = YES;
				CLANG_WARN_COMMA = YES;
				CLANG_WARN_CONSTANT_CONVERSION = YES;
				CLANG_WARN_DEPRECATED_OBJC_IMPLEMENTATIONS = YES;
				CLANG_WARN_DIRECT_OBJC_ISA_USAGE = YES_ERROR;
				CLANG_WARN_DOCUMENTATION_COMMENTS = YES;
				CLANG_WARN_EMPTY_BODY = YES;
				CLANG_WARN_ENUM_CONVERSION = YES;
				CLANG_WARN_INFINITE_RECURSION = YES;
				CLANG_WARN_INT_CONVERSION = YES;
				CLANG_WARN_NON_LITERAL_NULL_CONVERSION = YES;
				CLANG_WARN_OBJC_IMPLICIT_RETAIN_SELF = YES;
				CLANG_WARN_OBJC_LITERAL_CONVERSION = YES;
				CLANG_WARN_OBJC_ROOT_CLASS = YES_ERROR;
				CLANG_WARN_QUOTED_INCLUDE_IN_FRAMEWORK_HEADER = YES;
				CLANG_WARN_RANGE_LOOP_ANALYSIS = YES;
				CLANG_WARN_STRICT_PROTOTYPES = YES;
				CLANG_WARN_SUSPICIOUS_MOVE = YES;
				CLANG_WARN_UNGUARDED_AVAILABILITY = YES_AGGRESSIVE;
				CLANG_WARN_UNREACHABLE_CODE = YES;
				CLANG_WARN__DUPLICATE_METHOD_MATCH = YES;
				COPY_PHASE_STRIP = NO;
				DEBUG_INFORMATION_FORMAT = "dwarf-with-dsym";
				ENABLE_NS_ASSERTIONS = NO;
				ENABLE_STRICT_OBJC_MSGSEND = YES;
				GCC_C_LANGUAGE_STANDARD = gnu11;
				GCC_NO_COMMON_BLOCKS = YES;
				GCC_WARN_64_TO_32_BIT_CONVERSION = YES;
				GCC_WARN_ABOUT_RETURN_TYPE = YES_ERROR;
				GCC_WARN_UNDECLARED_SELECTOR = YES;
				GCC_WARN_UNINITIALIZED_AUTOS = YES_AGGRESSIVE;
				GCC_WARN_UNUSED_FUNCTION = YES;
				GCC_WARN_UNUSED_VARIABLE = YES;
				IPHONEOS_DEPLOYMENT_TARGET = 14.2;
				MTL_ENABLE_DEBUG_INFO = NO;
				MTL_FAST_MATH = YES;
				SDKROOT = iphoneos;
				SWIFT_COMPILATION_MODE = wholemodule;
				SWIFT_OPTIMIZATION_LEVEL = "-O";
				VALIDATE_PRODUCT = YES;
			};
			name = Release;
		};
		FE67DF7926E613CB00BE73D6 /* Debug */ = {
			isa = XCBuildConfiguration;
			baseConfigurationReference = 45C6A55D87DF98E92165D14D /* Pods-Instagram.debug.xcconfig */;
			buildSettings = {
				ASSETCATALOG_COMPILER_APPICON_NAME = AppIcon;
				ASSETCATALOG_COMPILER_GLOBAL_ACCENT_COLOR_NAME = AccentColor;
				CODE_SIGN_STYLE = Automatic;
				DEVELOPMENT_TEAM = TC999G82H6;
				INFOPLIST_FILE = Instagram/Info.plist;
				LD_RUNPATH_SEARCH_PATHS = (
					"$(inherited)",
					"@executable_path/Frameworks",
				);
				PRODUCT_BUNDLE_IDENTIFIER = "jp.techacademy.taro.kirameki.Instagram-1";
				PRODUCT_NAME = "$(TARGET_NAME)";
				SWIFT_VERSION = 5.0;
				TARGETED_DEVICE_FAMILY = 1;
			};
			name = Debug;
		};
		FE67DF7A26E613CB00BE73D6 /* Release */ = {
			isa = XCBuildConfiguration;
			baseConfigurationReference = 10A241A5B1E562828FD86CB2 /* Pods-Instagram.release.xcconfig */;
			buildSettings = {
				ASSETCATALOG_COMPILER_APPICON_NAME = AppIcon;
				ASSETCATALOG_COMPILER_GLOBAL_ACCENT_COLOR_NAME = AccentColor;
				CODE_SIGN_STYLE = Automatic;
				DEVELOPMENT_TEAM = TC999G82H6;
				INFOPLIST_FILE = Instagram/Info.plist;
				LD_RUNPATH_SEARCH_PATHS = (
					"$(inherited)",
					"@executable_path/Frameworks",
				);
				PRODUCT_BUNDLE_IDENTIFIER = "jp.techacademy.taro.kirameki.Instagram-1";
				PRODUCT_NAME = "$(TARGET_NAME)";
				SWIFT_VERSION = 5.0;
				TARGETED_DEVICE_FAMILY = 1;
			};
			name = Release;
		};
/* End XCBuildConfiguration section */

/* Begin XCConfigurationList section */
		FE67DF5F26E613C800BE73D6 /* Build configuration list for PBXProject "Instagram" */ = {
			isa = XCConfigurationList;
			buildConfigurations = (
				FE67DF7626E613CB00BE73D6 /* Debug */,
				FE67DF7726E613CB00BE73D6 /* Release */,
			);
			defaultConfigurationIsVisible = 0;
			defaultConfigurationName = Release;
		};
		FE67DF7826E613CB00BE73D6 /* Build configuration list for PBXNativeTarget "Instagram" */ = {
			isa = XCConfigurationList;
			buildConfigurations = (
				FE67DF7926E613CB00BE73D6 /* Debug */,
				FE67DF7A26E613CB00BE73D6 /* Release */,
			);
			defaultConfigurationIsVisible = 0;
			defaultConfigurationName = Release;
		};
/* End XCConfigurationList section */
	};
	rootObject = FE67DF5C26E613C800BE73D6 /* Project object */;
}
